
Microsoft Visual Studio Solution File, Format Version 12.00
# Visual Studio Version 16
VisualStudioVersion = 16.0.28803.352
MinimumVisualStudioVersion = 10.0.40219.1
Project("{9A19103F-16F7-4668-BE54-9A1E7A4F7556}") = "Sample", "Sample\Sample.csproj", "{BDC9C577-1043-46C0-8C24-659C358FA389}"
EndProject
Project("{9A19103F-16F7-4668-BE54-9A1E7A4F7556}") = "SwaggerEnum", "SwaggerEnum\SwaggerEnum.csproj", "{880C7C85-8F08-4CD7-AC26-8ECB0A1E014A}"
EndProject
Global
	GlobalSection(SolutionConfigurationPlatforms) = preSolution
		Debug|Any CPU = Debug|Any CPU
		Release|Any CPU = Release|Any CPU
	EndGlobalSection
	GlobalSection(ProjectConfigurationPlatforms) = postSolution
		{BDC9C577-1043-46C0-8C24-659C358FA389}.Debug|Any CPU.ActiveCfg = Debug|Any CPU
		{BDC9C577-1043-46C0-8C24-659C358FA389}.Debug|Any CPU.Build.0 = Debug|Any CPU
		{BDC9C577-1043-46C0-8C24-659C358FA389}.Release|Any CPU.ActiveCfg = Release|Any CPU
		{BDC9C577-1043-46C0-8C24-659C358FA389}.Release|Any CPU.Build.0 = Release|Any CPU
		{880C7C85-8F08-4CD7-AC26-8ECB0A1E014A}.Debug|Any CPU.ActiveCfg = Debug|Any CPU
		{880C7C85-8F08-4CD7-AC26-8ECB0A1E014A}.Debug|Any CPU.Build.0 = Debug|Any CPU
		{880C7C85-8F08-4CD7-AC26-8ECB0A1E014A}.Release|Any CPU.ActiveCfg = Release|Any CPU
		{880C7C85-8F08-4CD7-AC26-8ECB0A1E014A}.Release|Any CPU.Build.0 = Release|Any CPU
	EndGlobalSection
	GlobalSection(SolutionProperties) = preSolution
		HideSolutionNode = FALSE
	EndGlobalSection
	GlobalSection(ExtensibilityGlobals) = postSolution
		SolutionGuid = {A802FC5C-EB90-4650-A5B6-0E89FEC92956}
	EndGlobalSection
EndGlobal
